
Microsoft Visual Studio Solution File, Format Version 12.00
# Visual Studio Version 16
VisualStudioVersion = 16.0.31605.320
MinimumVisualStudioVersion = 10.0.40219.1
Project("{FAE04EC0-301F-11D3-BF4B-00C04F79EFBC}") = "aspPrac", "aspPrac\aspPrac.csproj", "{EBD8C6E0-4389-4273-ADDC-D25D8D8CAA7B}"
EndProject
Global
	GlobalSection(SolutionConfigurationPlatforms) = preSolution
		Debug|Any CPU = Debug|Any CPU
		Release|Any CPU = Release|Any CPU
	EndGlobalSection
	GlobalSection(ProjectConfigurationPlatforms) = postSolution
		{EBD8C6E0-4389-4273-ADDC-D25D8D8CAA7B}.Debug|Any CPU.ActiveCfg = Debug|Any CPU
		{EBD8C6E0-4389-4273-ADDC-D25D8D8CAA7B}.Debug|Any CPU.Build.0 = Debug|Any CPU
		{EBD8C6E0-4389-4273-ADDC-D25D8D8CAA7B}.Release|Any CPU.ActiveCfg = Release|Any CPU
		{EBD8C6E0-4389-4273-ADDC-D25D8D8CAA7B}.Release|Any CPU.Build.0 = Release|Any CPU
	EndGlobalSection
	GlobalSection(SolutionProperties) = preSolution
		HideSolutionNode = FALSE
	EndGlobalSection
	GlobalSection(ExtensibilityGlobals) = postSolution
		SolutionGuid = {9C076621-CB1D-4C63-A4C5-BC22774B7837}
	EndGlobalSection
EndGlobal
